
Microsoft Visual Studio Solution File, Format Version 12.00
# Visual Studio 14
VisualStudioVersion = 14.0.25420.1
MinimumVisualStudioVersion = 10.0.40219.1
Project("{FAE04EC0-301F-11D3-BF4B-00C04F79EFBC}") = "WpfApp", "WpfApp\WpfApp.csproj", "{28A38709-47D8-405E-A5AE-041FB410428B}"
EndProject
Project("{8BC9CEB8-8B4A-11D0-8D11-00A0C91BC942}") = "Win32App", "Win32App\Win32App.vcxproj", "{39812E34-01EA-4A36-90DB-CAA9E77A02FE}"
EndProject
Project("{FAE04EC0-301F-11D3-BF4B-00C04F79EFBC}") = "WpfAppTest_MSTest", "WpfAppTest_MSTest\WpfAppTest_MSTest.csproj", "{D69B5D7D-5BCF-4537-9956-52F0B6776B1D}"
EndProject
Project("{FAE04EC0-301F-11D3-BF4B-00C04F79EFBC}") = "WpfAppTest_NUnit", "WpfAppTest_NUnit\WpfAppTest_NUnit.csproj", "{8EDF4429-251A-416D-BB68-93F227191BCF}"
EndProject
Project("{8BC9CEB8-8B4A-11D0-8D11-00A0C91BC942}") = "Win32App_MSTest", "Win32App_MSTest\Win32App_MSTest.vcxproj", "{255C8F7F-4637-457C-B822-F95EAE359446}"
	ProjectSection(ProjectDependencies) = postProject
		{39812E34-01EA-4A36-90DB-CAA9E77A02FE} = {39812E34-01EA-4A36-90DB-CAA9E77A02FE}
	EndProjectSection
EndProject
Project("{8BC9CEB8-8B4A-11D0-8D11-00A0C91BC942}") = "Win32Lib", "Win32Lib\Win32Lib.vcxproj", "{87D2A599-52ED-40F3-912E-529FE5B3A427}"
EndProject
Global
	GlobalSection(SolutionConfigurationPlatforms) = preSolution
		Debug|Any CPU = Debug|Any CPU
		Debug|x64 = Debug|x64
		Debug|x86 = Debug|x86
		Release|Any CPU = Release|Any CPU
		Release|x64 = Release|x64
		Release|x86 = Release|x86
	EndGlobalSection
	GlobalSection(ProjectConfigurationPlatforms) = postSolution
		{28A38709-47D8-405E-A5AE-041FB410428B}.Debug|Any CPU.ActiveCfg = Debug|Any CPU
		{28A38709-47D8-405E-A5AE-041FB410428B}.Debug|Any CPU.Build.0 = Debug|Any CPU
		{28A38709-47D8-405E-A5AE-041FB410428B}.Debug|x64.ActiveCfg = Debug|x64
		{28A38709-47D8-405E-A5AE-041FB410428B}.Debug|x64.Build.0 = Debug|x64
		{28A38709-47D8-405E-A5AE-041FB410428B}.Debug|x86.ActiveCfg = Debug|Any CPU
		{28A38709-47D8-405E-A5AE-041FB410428B}.Debug|x86.Build.0 = Debug|Any CPU
		{28A38709-47D8-405E-A5AE-041FB410428B}.Release|Any CPU.ActiveCfg = Release|Any CPU
		{28A38709-47D8-405E-A5AE-041FB410428B}.Release|Any CPU.Build.0 = Release|Any CPU
		{28A38709-47D8-405E-A5AE-041FB410428B}.Release|x64.ActiveCfg = Release|x64
		{28A38709-47D8-405E-A5AE-041FB410428B}.Release|x64.Build.0 = Release|x64
		{28A38709-47D8-405E-A5AE-041FB410428B}.Release|x86.ActiveCfg = Release|Any CPU
		{28A38709-47D8-405E-A5AE-041FB410428B}.Release|x86.Build.0 = Release|Any CPU
		{39812E34-01EA-4A36-90DB-CAA9E77A02FE}.Debug|Any CPU.ActiveCfg = Debug|Win32
		{39812E34-01EA-4A36-90DB-CAA9E77A02FE}.Debug|x64.ActiveCfg = Debug|x64
		{39812E34-01EA-4A36-90DB-CAA9E77A02FE}.Debug|x64.Build.0 = Debug|x64
		{39812E34-01EA-4A36-90DB-CAA9E77A02FE}.Debug|x86.ActiveCfg = Debug|Win32
		{39812E34-01EA-4A36-90DB-CAA9E77A02FE}.Debug|x86.Build.0 = Debug|Win32
		{39812E34-01EA-4A36-90DB-CAA9E77A02FE}.Release|Any CPU.ActiveCfg = Release|Win32
		{39812E34-01EA-4A36-90DB-CAA9E77A02FE}.Release|x64.ActiveCfg = Release|x64
		{39812E34-01EA-4A36-90DB-CAA9E77A02FE}.Release|x64.Build.0 = Release|x64
		{39812E34-01EA-4A36-90DB-CAA9E77A02FE}.Release|x86.ActiveCfg = Release|Win32
		{39812E34-01EA-4A36-90DB-CAA9E77A02FE}.Release|x86.Build.0 = Release|Win32
		{D69B5D7D-5BCF-4537-9956-52F0B6776B1D}.Debug|Any CPU.ActiveCfg = Debug|Any CPU
		{D69B5D7D-5BCF-4537-9956-52F0B6776B1D}.Debug|Any CPU.Build.0 = Debug|Any CPU
		{D69B5D7D-5BCF-4537-9956-52F0B6776B1D}.Debug|x64.ActiveCfg = Debug|x64
		{D69B5D7D-5BCF-4537-9956-52F0B6776B1D}.Debug|x64.Build.0 = Debug|x64
		{D69B5D7D-5BCF-4537-9956-52F0B6776B1D}.Debug|x86.ActiveCfg = Debug|Any CPU
		{D69B5D7D-5BCF-4537-9956-52F0B6776B1D}.Debug|x86.Build.0 = Debug|Any CPU
		{D69B5D7D-5BCF-4537-9956-52F0B6776B1D}.Release|Any CPU.ActiveCfg = Release|Any CPU
		{D69B5D7D-5BCF-4537-9956-52F0B6776B1D}.Release|Any CPU.Build.0 = Release|Any CPU
		{D69B5D7D-5BCF-4537-9956-52F0B6776B1D}.Release|x64.ActiveCfg = Release|x64
		{D69B5D7D-5BCF-4537-9956-52F0B6776B1D}.Release|x64.Build.0 = Release|x64
		{D69B5D7D-5BCF-4537-9956-52F0B6776B1D}.Release|x86.ActiveCfg = Release|Any CPU
		{D69B5D7D-5BCF-4537-9956-52F0B6776B1D}.Release|x86.Build.0 = Release|Any CPU
		{8EDF4429-251A-416D-BB68-93F227191BCF}.Debug|Any CPU.ActiveCfg = Debug|Any CPU
		{8EDF4429-251A-416D-BB68-93F227191BCF}.Debug|Any CPU.Build.0 = Debug|Any CPU
		{8EDF4429-251A-416D-BB68-93F227191BCF}.Debug|x64.ActiveCfg = Debug|x64
		{8EDF4429-251A-416D-BB68-93F227191BCF}.Debug|x64.Build.0 = Debug|x64
		{8EDF4429-251A-416D-BB68-93F227191BCF}.Debug|x86.ActiveCfg = Debug|Any CPU
		{8EDF4429-251A-416D-BB68-93F227191BCF}.Debug|x86.Build.0 = Debug|Any CPU
		{8EDF4429-251A-416D-BB68-93F227191BCF}.Release|Any CPU.ActiveCfg = Release|Any CPU
		{8EDF4429-251A-416D-BB68-93F227191BCF}.Release|Any CPU.Build.0 = Release|Any CPU
		{8EDF4429-251A-416D-BB68-93F227191BCF}.Release|x64.ActiveCfg = Release|x64
		{8EDF4429-251A-416D-BB68-93F227191BCF}.Release|x64.Build.0 = Release|x64
		{8EDF4429-251A-416D-BB68-93F227191BCF}.Release|x86.ActiveCfg = Release|Any CPU
		{8EDF4429-251A-416D-BB68-93F227191BCF}.Release|x86.Build.0 = Release|Any CPU
		{255C8F7F-4637-457C-B822-F95EAE359446}.Debug|Any CPU.ActiveCfg = Debug|Win32
		{255C8F7F-4637-457C-B822-F95EAE359446}.Debug|x64.ActiveCfg = Debug|x64
		{255C8F7F-4637-457C-B822-F95EAE359446}.Debug|x64.Build.0 = Debug|x64
		{255C8F7F-4637-457C-B822-F95EAE359446}.Debug|x86.ActiveCfg = Debug|Win32
		{255C8F7F-4637-457C-B822-F95EAE359446}.Debug|x86.Build.0 = Debug|Win32
		{255C8F7F-4637-457C-B822-F95EAE359446}.Release|Any CPU.ActiveCfg = Release|Win32
		{255C8F7F-4637-457C-B822-F95EAE359446}.Release|x64.ActiveCfg = Release|x64
		{255C8F7F-4637-457C-B822-F95EAE359446}.Release|x64.Build.0 = Release|x64
		{255C8F7F-4637-457C-B822-F95EAE359446}.Release|x86.ActiveCfg = Release|Win32
		{255C8F7F-4637-457C-B822-F95EAE359446}.Release|x86.Build.0 = Release|Win32
		{87D2A599-52ED-40F3-912E-529FE5B3A427}.Debug|Any CPU.ActiveCfg = Debug|Win32
		{87D2A599-52ED-40F3-912E-529FE5B3A427}.Debug|x64.ActiveCfg = Debug|x64
		{87D2A599-52ED-40F3-912E-529FE5B3A427}.Debug|x64.Build.0 = Debug|x64
		{87D2A599-52ED-40F3-912E-529FE5B3A427}.Debug|x86.ActiveCfg = Debug|Win32
		{87D2A599-52ED-40F3-912E-529FE5B3A427}.Debug|x86.Build.0 = Debug|Win32
		{87D2A599-52ED-40F3-912E-529FE5B3A427}.Release|Any CPU.ActiveCfg = Release|Win32
		{87D2A599-52ED-40F3-912E-529FE5B3A427}.Release|x64.ActiveCfg = Release|x64
		{87D2A599-52ED-40F3-912E-529FE5B3A427}.Release|x64.Build.0 = Release|x64
		{87D2A599-52ED-40F3-912E-529FE5B3A427}.Release|x86.ActiveCfg = Release|Win32
		{87D2A599-52ED-40F3-912E-529FE5B3A427}.Release|x86.Build.0 = Release|Win32
	EndGlobalSection
	GlobalSection(SolutionProperties) = preSolution
		HideSolutionNode = FALSE
	EndGlobalSection
EndGlobal
