
Microsoft Visual Studio Solution File, Format Version 12.00
# Visual Studio 14
VisualStudioVersion = 14.0.25420.1
MinimumVisualStudioVersion = 10.0.40219.1
Project("{8BC9CEB8-8B4A-11D0-8D11-00A0C91BC942}") = "Win32Lib", "Win32Lib\Win32Lib.vcxproj", "{87D2A599-52ED-40F3-912E-529FE5B3A427}"
EndProject
Project("{8BC9CEB8-8B4A-11D0-8D11-00A0C91BC942}") = "Win32LibTest", "Win32LibTest\Win32LibTest.vcxproj", "{639640C1-548D-4758-B1DA-9CC42731BAF1}"
EndProject
Project("{8BC9CEB8-8B4A-11D0-8D11-00A0C91BC942}") = "GTest", "GTest\GoogleTest.vcxproj", "{9C0B4326-91E4-4589-87EA-E7909E1D31F8}"
EndProject
Project("{8BC9CEB8-8B4A-11D0-8D11-00A0C91BC942}") = "GMock", "GMock\GMock.vcxproj", "{0340475A-9998-4A50-9F17-5B2FF4A9F428}"
EndProject
Project("{8BC9CEB8-8B4A-11D0-8D11-00A0C91BC942}") = "Win32App", "Win32App\Win32App.vcxproj", "{39812E34-01EA-4A36-90DB-CAA9E77A02FE}"
EndProject
Project("{8BC9CEB8-8B4A-11D0-8D11-00A0C91BC942}") = "Win32App_MSTest", "Win32App_MSTest\Win32App_MSTest.vcxproj", "{255C8F7F-4637-457C-B822-F95EAE359446}"
EndProject
Project("{8BC9CEB8-8B4A-11D0-8D11-00A0C91BC942}") = "Win32LibTests", "Win32LibTests\Win32LibTests.vcxproj", "{CDD73075-A1BC-4891-8B24-721B30F2AB47}"
EndProject
Project("{FAE04EC0-301F-11D3-BF4B-00C04F79EFBC}") = "WpfApp", "WpfApp\WpfApp.csproj", "{28A38709-47D8-405E-A5AE-041FB410428B}"
EndProject
Project("{FAE04EC0-301F-11D3-BF4B-00C04F79EFBC}") = "WpfAppTest_MSTest", "WpfAppTest_MSTest\WpfAppTest_MSTest.csproj", "{D69B5D7D-5BCF-4537-9956-52F0B6776B1D}"
	ProjectSection(ProjectDependencies) = postProject
		{28A38709-47D8-405E-A5AE-041FB410428B} = {28A38709-47D8-405E-A5AE-041FB410428B}
	EndProjectSection
EndProject
Project("{FAE04EC0-301F-11D3-BF4B-00C04F79EFBC}") = "CSharpLib", "CSharpLib\CSharpLib.csproj", "{4AD4BD06-FF04-4AB6-A6DE-E60727B1A113}"
EndProject
Project("{FAE04EC0-301F-11D3-BF4B-00C04F79EFBC}") = "CSharpLibTest_NUnit", "CSharpLibTest_NUnit\CSharpLibTest_NUnit.csproj", "{3A3EC520-C3CC-42BD-83E1-BA0A9AFC4C10}"
	ProjectSection(ProjectDependencies) = postProject
		{4AD4BD06-FF04-4AB6-A6DE-E60727B1A113} = {4AD4BD06-FF04-4AB6-A6DE-E60727B1A113}
	EndProjectSection
EndProject
Global
	GlobalSection(SolutionConfigurationPlatforms) = preSolution
		Debug|Any CPU = Debug|Any CPU
		Debug|x64 = Debug|x64
		Debug|x86 = Debug|x86
		Release|Any CPU = Release|Any CPU
		Release|x64 = Release|x64
		Release|x86 = Release|x86
	EndGlobalSection
	GlobalSection(ProjectConfigurationPlatforms) = postSolution
		{87D2A599-52ED-40F3-912E-529FE5B3A427}.Debug|Any CPU.ActiveCfg = Debug|Win32
		{87D2A599-52ED-40F3-912E-529FE5B3A427}.Debug|x64.ActiveCfg = Debug|x64
		{87D2A599-52ED-40F3-912E-529FE5B3A427}.Debug|x64.Build.0 = Debug|x64
		{87D2A599-52ED-40F3-912E-529FE5B3A427}.Debug|x86.ActiveCfg = Debug|Win32
		{87D2A599-52ED-40F3-912E-529FE5B3A427}.Debug|x86.Build.0 = Debug|Win32
		{87D2A599-52ED-40F3-912E-529FE5B3A427}.Release|Any CPU.ActiveCfg = Release|Win32
		{87D2A599-52ED-40F3-912E-529FE5B3A427}.Release|x64.ActiveCfg = Release|x64
		{87D2A599-52ED-40F3-912E-529FE5B3A427}.Release|x64.Build.0 = Release|x64
		{87D2A599-52ED-40F3-912E-529FE5B3A427}.Release|x86.ActiveCfg = Release|Win32
		{87D2A599-52ED-40F3-912E-529FE5B3A427}.Release|x86.Build.0 = Release|Win32
		{639640C1-548D-4758-B1DA-9CC42731BAF1}.Debug|Any CPU.ActiveCfg = Debug|Win32
		{639640C1-548D-4758-B1DA-9CC42731BAF1}.Debug|x64.ActiveCfg = Debug|x64
		{639640C1-548D-4758-B1DA-9CC42731BAF1}.Debug|x64.Build.0 = Debug|x64
		{639640C1-548D-4758-B1DA-9CC42731BAF1}.Debug|x86.ActiveCfg = Debug|Win32
		{639640C1-548D-4758-B1DA-9CC42731BAF1}.Debug|x86.Build.0 = Debug|Win32
		{639640C1-548D-4758-B1DA-9CC42731BAF1}.Release|Any CPU.ActiveCfg = Release|Win32
		{639640C1-548D-4758-B1DA-9CC42731BAF1}.Release|x64.ActiveCfg = Release|x64
		{639640C1-548D-4758-B1DA-9CC42731BAF1}.Release|x64.Build.0 = Release|x64
		{639640C1-548D-4758-B1DA-9CC42731BAF1}.Release|x86.ActiveCfg = Release|Win32
		{639640C1-548D-4758-B1DA-9CC42731BAF1}.Release|x86.Build.0 = Release|Win32
		{9C0B4326-91E4-4589-87EA-E7909E1D31F8}.Debug|Any CPU.ActiveCfg = Debug|Win32
		{9C0B4326-91E4-4589-87EA-E7909E1D31F8}.Debug|x64.ActiveCfg = Debug|x64
		{9C0B4326-91E4-4589-87EA-E7909E1D31F8}.Debug|x64.Build.0 = Debug|x64
		{9C0B4326-91E4-4589-87EA-E7909E1D31F8}.Debug|x86.ActiveCfg = Debug|Win32
		{9C0B4326-91E4-4589-87EA-E7909E1D31F8}.Debug|x86.Build.0 = Debug|Win32
		{9C0B4326-91E4-4589-87EA-E7909E1D31F8}.Release|Any CPU.ActiveCfg = Release|Win32
		{9C0B4326-91E4-4589-87EA-E7909E1D31F8}.Release|x64.ActiveCfg = Release|x64
		{9C0B4326-91E4-4589-87EA-E7909E1D31F8}.Release|x64.Build.0 = Release|x64
		{9C0B4326-91E4-4589-87EA-E7909E1D31F8}.Release|x86.ActiveCfg = Release|Win32
		{9C0B4326-91E4-4589-87EA-E7909E1D31F8}.Release|x86.Build.0 = Release|Win32
		{0340475A-9998-4A50-9F17-5B2FF4A9F428}.Debug|Any CPU.ActiveCfg = Debug|Win32
		{0340475A-9998-4A50-9F17-5B2FF4A9F428}.Debug|x64.ActiveCfg = Debug|x64
		{0340475A-9998-4A50-9F17-5B2FF4A9F428}.Debug|x64.Build.0 = Debug|x64
		{0340475A-9998-4A50-9F17-5B2FF4A9F428}.Debug|x86.ActiveCfg = Debug|Win32
		{0340475A-9998-4A50-9F17-5B2FF4A9F428}.Debug|x86.Build.0 = Debug|Win32
		{0340475A-9998-4A50-9F17-5B2FF4A9F428}.Release|Any CPU.ActiveCfg = Release|Win32
		{0340475A-9998-4A50-9F17-5B2FF4A9F428}.Release|x64.ActiveCfg = Release|x64
		{0340475A-9998-4A50-9F17-5B2FF4A9F428}.Release|x64.Build.0 = Release|x64
		{0340475A-9998-4A50-9F17-5B2FF4A9F428}.Release|x86.ActiveCfg = Release|Win32
		{0340475A-9998-4A50-9F17-5B2FF4A9F428}.Release|x86.Build.0 = Release|Win32
		{39812E34-01EA-4A36-90DB-CAA9E77A02FE}.Debug|Any CPU.ActiveCfg = Debug|Win32
		{39812E34-01EA-4A36-90DB-CAA9E77A02FE}.Debug|x64.ActiveCfg = Debug|x64
		{39812E34-01EA-4A36-90DB-CAA9E77A02FE}.Debug|x64.Build.0 = Debug|x64
		{39812E34-01EA-4A36-90DB-CAA9E77A02FE}.Debug|x86.ActiveCfg = Debug|Win32
		{39812E34-01EA-4A36-90DB-CAA9E77A02FE}.Debug|x86.Build.0 = Debug|Win32
		{39812E34-01EA-4A36-90DB-CAA9E77A02FE}.Release|Any CPU.ActiveCfg = Release|Win32
		{39812E34-01EA-4A36-90DB-CAA9E77A02FE}.Release|x64.ActiveCfg = Release|x64
		{39812E34-01EA-4A36-90DB-CAA9E77A02FE}.Release|x64.Build.0 = Release|x64
		{39812E34-01EA-4A36-90DB-CAA9E77A02FE}.Release|x86.ActiveCfg = Release|Win32
		{39812E34-01EA-4A36-90DB-CAA9E77A02FE}.Release|x86.Build.0 = Release|Win32
		{255C8F7F-4637-457C-B822-F95EAE359446}.Debug|Any CPU.ActiveCfg = Debug|Win32
		{255C8F7F-4637-457C-B822-F95EAE359446}.Debug|x64.ActiveCfg = Debug|x64
		{255C8F7F-4637-457C-B822-F95EAE359446}.Debug|x64.Build.0 = Debug|x64
		{255C8F7F-4637-457C-B822-F95EAE359446}.Debug|x86.ActiveCfg = Debug|Win32
		{255C8F7F-4637-457C-B822-F95EAE359446}.Debug|x86.Build.0 = Debug|Win32
		{255C8F7F-4637-457C-B822-F95EAE359446}.Release|Any CPU.ActiveCfg = Release|Win32
		{255C8F7F-4637-457C-B822-F95EAE359446}.Release|x64.ActiveCfg = Release|x64
		{255C8F7F-4637-457C-B822-F95EAE359446}.Release|x64.Build.0 = Release|x64
		{255C8F7F-4637-457C-B822-F95EAE359446}.Release|x86.ActiveCfg = Release|Win32
		{255C8F7F-4637-457C-B822-F95EAE359446}.Release|x86.Build.0 = Release|Win32
		{CDD73075-A1BC-4891-8B24-721B30F2AB47}.Debug|Any CPU.ActiveCfg = Debug|Win32
		{CDD73075-A1BC-4891-8B24-721B30F2AB47}.Debug|x64.ActiveCfg = Debug|x64
		{CDD73075-A1BC-4891-8B24-721B30F2AB47}.Debug|x64.Build.0 = Debug|x64
		{CDD73075-A1BC-4891-8B24-721B30F2AB47}.Debug|x86.ActiveCfg = Debug|Win32
		{CDD73075-A1BC-4891-8B24-721B30F2AB47}.Debug|x86.Build.0 = Debug|Win32
		{CDD73075-A1BC-4891-8B24-721B30F2AB47}.Release|Any CPU.ActiveCfg = Release|Win32
		{CDD73075-A1BC-4891-8B24-721B30F2AB47}.Release|x64.ActiveCfg = Release|x64
		{CDD73075-A1BC-4891-8B24-721B30F2AB47}.Release|x64.Build.0 = Release|x64
		{CDD73075-A1BC-4891-8B24-721B30F2AB47}.Release|x86.ActiveCfg = Release|Win32
		{CDD73075-A1BC-4891-8B24-721B30F2AB47}.Release|x86.Build.0 = Release|Win32
		{28A38709-47D8-405E-A5AE-041FB410428B}.Debug|Any CPU.ActiveCfg = Debug|Any CPU
		{28A38709-47D8-405E-A5AE-041FB410428B}.Debug|Any CPU.Build.0 = Debug|Any CPU
		{28A38709-47D8-405E-A5AE-041FB410428B}.Debug|x64.ActiveCfg = Debug|x64
		{28A38709-47D8-405E-A5AE-041FB410428B}.Debug|x64.Build.0 = Debug|x64
		{28A38709-47D8-405E-A5AE-041FB410428B}.Debug|x86.ActiveCfg = Debug|Any CPU
		{28A38709-47D8-405E-A5AE-041FB410428B}.Debug|x86.Build.0 = Debug|Any CPU
		{28A38709-47D8-405E-A5AE-041FB410428B}.Release|Any CPU.ActiveCfg = Release|Any CPU
		{28A38709-47D8-405E-A5AE-041FB410428B}.Release|Any CPU.Build.0 = Release|Any CPU
		{28A38709-47D8-405E-A5AE-041FB410428B}.Release|x64.ActiveCfg = Release|x64
		{28A38709-47D8-405E-A5AE-041FB410428B}.Release|x64.Build.0 = Release|x64
		{28A38709-47D8-405E-A5AE-041FB410428B}.Release|x86.ActiveCfg = Release|Any CPU
		{28A38709-47D8-405E-A5AE-041FB410428B}.Release|x86.Build.0 = Release|Any CPU
		{D69B5D7D-5BCF-4537-9956-52F0B6776B1D}.Debug|Any CPU.ActiveCfg = Debug|Any CPU
		{D69B5D7D-5BCF-4537-9956-52F0B6776B1D}.Debug|Any CPU.Build.0 = Debug|Any CPU
		{D69B5D7D-5BCF-4537-9956-52F0B6776B1D}.Debug|x64.ActiveCfg = Debug|x64
		{D69B5D7D-5BCF-4537-9956-52F0B6776B1D}.Debug|x64.Build.0 = Debug|x64
		{D69B5D7D-5BCF-4537-9956-52F0B6776B1D}.Debug|x86.ActiveCfg = Debug|Any CPU
		{D69B5D7D-5BCF-4537-9956-52F0B6776B1D}.Debug|x86.Build.0 = Debug|Any CPU
		{D69B5D7D-5BCF-4537-9956-52F0B6776B1D}.Release|Any CPU.ActiveCfg = Release|Any CPU
		{D69B5D7D-5BCF-4537-9956-52F0B6776B1D}.Release|Any CPU.Build.0 = Release|Any CPU
		{D69B5D7D-5BCF-4537-9956-52F0B6776B1D}.Release|x64.ActiveCfg = Release|x64
		{D69B5D7D-5BCF-4537-9956-52F0B6776B1D}.Release|x64.Build.0 = Release|x64
		{D69B5D7D-5BCF-4537-9956-52F0B6776B1D}.Release|x86.ActiveCfg = Release|Any CPU
		{D69B5D7D-5BCF-4537-9956-52F0B6776B1D}.Release|x86.Build.0 = Release|Any CPU
		{4AD4BD06-FF04-4AB6-A6DE-E60727B1A113}.Debug|Any CPU.ActiveCfg = Debug|Any CPU
		{4AD4BD06-FF04-4AB6-A6DE-E60727B1A113}.Debug|Any CPU.Build.0 = Debug|Any CPU
		{4AD4BD06-FF04-4AB6-A6DE-E60727B1A113}.Debug|x64.ActiveCfg = Debug|x64
		{4AD4BD06-FF04-4AB6-A6DE-E60727B1A113}.Debug|x64.Build.0 = Debug|x64
		{4AD4BD06-FF04-4AB6-A6DE-E60727B1A113}.Debug|x86.ActiveCfg = Debug|Any CPU
		{4AD4BD06-FF04-4AB6-A6DE-E60727B1A113}.Debug|x86.Build.0 = Debug|Any CPU
		{4AD4BD06-FF04-4AB6-A6DE-E60727B1A113}.Release|Any CPU.ActiveCfg = Release|Any CPU
		{4AD4BD06-FF04-4AB6-A6DE-E60727B1A113}.Release|Any CPU.Build.0 = Release|Any CPU
		{4AD4BD06-FF04-4AB6-A6DE-E60727B1A113}.Release|x64.ActiveCfg = Release|Any CPU
		{4AD4BD06-FF04-4AB6-A6DE-E60727B1A113}.Release|x64.Build.0 = Release|Any CPU
		{4AD4BD06-FF04-4AB6-A6DE-E60727B1A113}.Release|x86.ActiveCfg = Release|Any CPU
		{4AD4BD06-FF04-4AB6-A6DE-E60727B1A113}.Release|x86.Build.0 = Release|Any CPU
		{3A3EC520-C3CC-42BD-83E1-BA0A9AFC4C10}.Debug|Any CPU.ActiveCfg = Debug|Any CPU
		{3A3EC520-C3CC-42BD-83E1-BA0A9AFC4C10}.Debug|Any CPU.Build.0 = Debug|Any CPU
		{3A3EC520-C3CC-42BD-83E1-BA0A9AFC4C10}.Debug|x64.ActiveCfg = Debug|x64
		{3A3EC520-C3CC-42BD-83E1-BA0A9AFC4C10}.Debug|x64.Build.0 = Debug|x64
		{3A3EC520-C3CC-42BD-83E1-BA0A9AFC4C10}.Debug|x86.ActiveCfg = Debug|Any CPU
		{3A3EC520-C3CC-42BD-83E1-BA0A9AFC4C10}.Debug|x86.Build.0 = Debug|Any CPU
		{3A3EC520-C3CC-42BD-83E1-BA0A9AFC4C10}.Release|Any CPU.ActiveCfg = Release|Any CPU
		{3A3EC520-C3CC-42BD-83E1-BA0A9AFC4C10}.Release|Any CPU.Build.0 = Release|Any CPU
		{3A3EC520-C3CC-42BD-83E1-BA0A9AFC4C10}.Release|x64.ActiveCfg = Release|Any CPU
		{3A3EC520-C3CC-42BD-83E1-BA0A9AFC4C10}.Release|x64.Build.0 = Release|Any CPU
		{3A3EC520-C3CC-42BD-83E1-BA0A9AFC4C10}.Release|x86.ActiveCfg = Release|Any CPU
		{3A3EC520-C3CC-42BD-83E1-BA0A9AFC4C10}.Release|x86.Build.0 = Release|Any CPU
	EndGlobalSection
	GlobalSection(SolutionProperties) = preSolution
		HideSolutionNode = FALSE
	EndGlobalSection
EndGlobal
